
Microsoft Visual Studio Solution File, Format Version 12.00
Project("{FAE04EC0-301F-11D3-BF4B-00C04F79EFBC}") = "ScoreUI", "ScoreUI\ScoreUI.csproj", "{B6484E58-1D5D-437A-9397-83FB0E6F994F}"
EndProject
Global
	GlobalSection(SolutionConfigurationPlatforms) = preSolution
		Debug|Any CPU = Debug|Any CPU
		Release|Any CPU = Release|Any CPU
	EndGlobalSection
	GlobalSection(ProjectConfigurationPlatforms) = postSolution
		{B6484E58-1D5D-437A-9397-83FB0E6F994F}.Debug|Any CPU.ActiveCfg = Debug|Any CPU
		{B6484E58-1D5D-437A-9397-83FB0E6F994F}.Debug|Any CPU.Build.0 = Debug|Any CPU
		{B6484E58-1D5D-437A-9397-83FB0E6F994F}.Release|Any CPU.ActiveCfg = Release|Any CPU
		{B6484E58-1D5D-437A-9397-83FB0E6F994F}.Release|Any CPU.Build.0 = Release|Any CPU
	EndGlobalSection
EndGlobal
